
Microsoft Visual Studio Solution File, Format Version 12.00
# Visual Studio Version 17
VisualStudioVersion = 17.5.33516.290
MinimumVisualStudioVersion = 10.0.40219.1
Project("{9A19103F-16F7-4668-BE54-9A1E7A4F7556}") = "KOS.Api", "KOS.Api\KOS.Api.csproj", "{31BB37C5-8922-4DE4-B4FC-2815CA2215ED}"
EndProject
Project("{9A19103F-16F7-4668-BE54-9A1E7A4F7556}") = "KOS.Data", "KOS.Data\KOS.Data.csproj", "{74E845F9-F83C-4C47-BDBF-C1A669E3B4EF}"
EndProject
Project("{9A19103F-16F7-4668-BE54-9A1E7A4F7556}") = "KOS.Data.EF", "KOS.Data.EF\KOS.Data.EF.csproj", "{7AB348D2-D56E-46E7-90A9-F37BEC7E1506}"
EndProject
Project("{9A19103F-16F7-4668-BE54-9A1E7A4F7556}") = "KOS.Infrastructure", "KOS.Infrastructure\KOS.Infrastructure.csproj", "{19AE0603-7898-4C8A-8DE5-5153FC25D8C3}"
EndProject
Project("{9A19103F-16F7-4668-BE54-9A1E7A4F7556}") = "KOS.Application", "KOS.Application\KOS.Application.csproj", "{570809F5-076A-4D3A-8E3B-7490F2FBFFBF}"
EndProject
Project("{9A19103F-16F7-4668-BE54-9A1E7A4F7556}") = "KOS.Application.Dapper", "KOS.Application.Dapper\KOS.Application.Dapper.csproj", "{3CCF51AF-2DC6-45A1-A0B8-6E1770764146}"
EndProject
Project("{9A19103F-16F7-4668-BE54-9A1E7A4F7556}") = "KOS.Utilities", "KOS.Utilities\KOS.Utilities.csproj", "{71E1A542-3852-4420-93A7-EC88CA16B455}"
EndProject
Global
	GlobalSection(SolutionConfigurationPlatforms) = preSolution
		Debug|Any CPU = Debug|Any CPU
		Release|Any CPU = Release|Any CPU
	EndGlobalSection
	GlobalSection(ProjectConfigurationPlatforms) = postSolution
		{31BB37C5-8922-4DE4-B4FC-2815CA2215ED}.Debug|Any CPU.ActiveCfg = Debug|Any CPU
		{31BB37C5-8922-4DE4-B4FC-2815CA2215ED}.Debug|Any CPU.Build.0 = Debug|Any CPU
		{31BB37C5-8922-4DE4-B4FC-2815CA2215ED}.Release|Any CPU.ActiveCfg = Release|Any CPU
		{31BB37C5-8922-4DE4-B4FC-2815CA2215ED}.Release|Any CPU.Build.0 = Release|Any CPU
		{74E845F9-F83C-4C47-BDBF-C1A669E3B4EF}.Debug|Any CPU.ActiveCfg = Debug|Any CPU
		{74E845F9-F83C-4C47-BDBF-C1A669E3B4EF}.Debug|Any CPU.Build.0 = Debug|Any CPU
		{74E845F9-F83C-4C47-BDBF-C1A669E3B4EF}.Release|Any CPU.ActiveCfg = Release|Any CPU
		{74E845F9-F83C-4C47-BDBF-C1A669E3B4EF}.Release|Any CPU.Build.0 = Release|Any CPU
		{7AB348D2-D56E-46E7-90A9-F37BEC7E1506}.Debug|Any CPU.ActiveCfg = Debug|Any CPU
		{7AB348D2-D56E-46E7-90A9-F37BEC7E1506}.Debug|Any CPU.Build.0 = Debug|Any CPU
		{7AB348D2-D56E-46E7-90A9-F37BEC7E1506}.Release|Any CPU.ActiveCfg = Release|Any CPU
		{7AB348D2-D56E-46E7-90A9-F37BEC7E1506}.Release|Any CPU.Build.0 = Release|Any CPU
		{19AE0603-7898-4C8A-8DE5-5153FC25D8C3}.Debug|Any CPU.ActiveCfg = Debug|Any CPU
		{19AE0603-7898-4C8A-8DE5-5153FC25D8C3}.Debug|Any CPU.Build.0 = Debug|Any CPU
		{19AE0603-7898-4C8A-8DE5-5153FC25D8C3}.Release|Any CPU.ActiveCfg = Release|Any CPU
		{19AE0603-7898-4C8A-8DE5-5153FC25D8C3}.Release|Any CPU.Build.0 = Release|Any CPU
		{570809F5-076A-4D3A-8E3B-7490F2FBFFBF}.Debug|Any CPU.ActiveCfg = Debug|Any CPU
		{570809F5-076A-4D3A-8E3B-7490F2FBFFBF}.Debug|Any CPU.Build.0 = Debug|Any CPU
		{570809F5-076A-4D3A-8E3B-7490F2FBFFBF}.Release|Any CPU.ActiveCfg = Release|Any CPU
		{570809F5-076A-4D3A-8E3B-7490F2FBFFBF}.Release|Any CPU.Build.0 = Release|Any CPU
		{3CCF51AF-2DC6-45A1-A0B8-6E1770764146}.Debug|Any CPU.ActiveCfg = Debug|Any CPU
		{3CCF51AF-2DC6-45A1-A0B8-6E1770764146}.Debug|Any CPU.Build.0 = Debug|Any CPU
		{3CCF51AF-2DC6-45A1-A0B8-6E1770764146}.Release|Any CPU.ActiveCfg = Release|Any CPU
		{3CCF51AF-2DC6-45A1-A0B8-6E1770764146}.Release|Any CPU.Build.0 = Release|Any CPU
		{71E1A542-3852-4420-93A7-EC88CA16B455}.Debug|Any CPU.ActiveCfg = Debug|Any CPU
		{71E1A542-3852-4420-93A7-EC88CA16B455}.Debug|Any CPU.Build.0 = Debug|Any CPU
		{71E1A542-3852-4420-93A7-EC88CA16B455}.Release|Any CPU.ActiveCfg = Release|Any CPU
		{71E1A542-3852-4420-93A7-EC88CA16B455}.Release|Any CPU.Build.0 = Release|Any CPU
	EndGlobalSection
	GlobalSection(SolutionProperties) = preSolution
		HideSolutionNode = FALSE
	EndGlobalSection
	GlobalSection(ExtensibilityGlobals) = postSolution
		SolutionGuid = {58D96A63-B97A-404E-B275-42660C7953B0}
	EndGlobalSection
EndGlobal
